
Microsoft Visual Studio Solution File, Format Version 12.00
# Visual Studio Version 17
VisualStudioVersion = 17.9.34701.34
MinimumVisualStudioVersion = 10.0.40219.1
Project("{8BC9CEB8-8B4A-11D0-8D11-00A0C91BC942}") = "ConsoleApplication3", "ConsoleApplication3.vcxproj", "{EF79D643-A1CF-4FEC-AEFB-4725893B014F}"
EndProject
Project("{8BC9CEB8-8B4A-11D0-8D11-00A0C91BC942}") = "ConsoleApplication4", "..\ConsoleApplication4\ConsoleApplication4.vcxproj", "{86D5ABFB-E029-4CB3-9153-E3DEF98A92A7}"
EndProject
Project("{8BC9CEB8-8B4A-11D0-8D11-00A0C91BC942}") = "dadadadd", "..\dadadadd\dadadadd.vcxproj", "{873B3AF8-7227-4DC0-91DA-360D51AF0F60}"
EndProject
Project("{8BC9CEB8-8B4A-11D0-8D11-00A0C91BC942}") = "ConsoleApplication5", "..\ConsoleApplication5\ConsoleApplication5.vcxproj", "{0866ACBF-38EB-408F-B483-3358D0245BB5}"
EndProject
Global
	GlobalSection(SolutionConfigurationPlatforms) = preSolution
		Debug|x64 = Debug|x64
		Debug|x86 = Debug|x86
		Release|x64 = Release|x64
		Release|x86 = Release|x86
	EndGlobalSection
	GlobalSection(ProjectConfigurationPlatforms) = postSolution
		{EF79D643-A1CF-4FEC-AEFB-4725893B014F}.Debug|x64.ActiveCfg = Debug|x64
		{EF79D643-A1CF-4FEC-AEFB-4725893B014F}.Debug|x64.Build.0 = Debug|x64
		{EF79D643-A1CF-4FEC-AEFB-4725893B014F}.Debug|x86.ActiveCfg = Debug|Win32
		{EF79D643-A1CF-4FEC-AEFB-4725893B014F}.Debug|x86.Build.0 = Debug|Win32
		{EF79D643-A1CF-4FEC-AEFB-4725893B014F}.Release|x64.ActiveCfg = Release|x64
		{EF79D643-A1CF-4FEC-AEFB-4725893B014F}.Release|x64.Build.0 = Release|x64
		{EF79D643-A1CF-4FEC-AEFB-4725893B014F}.Release|x86.ActiveCfg = Release|Win32
		{EF79D643-A1CF-4FEC-AEFB-4725893B014F}.Release|x86.Build.0 = Release|Win32
		{86D5ABFB-E029-4CB3-9153-E3DEF98A92A7}.Debug|x64.ActiveCfg = Debug|x64
		{86D5ABFB-E029-4CB3-9153-E3DEF98A92A7}.Debug|x64.Build.0 = Debug|x64
		{86D5ABFB-E029-4CB3-9153-E3DEF98A92A7}.Debug|x86.ActiveCfg = Debug|Win32
		{86D5ABFB-E029-4CB3-9153-E3DEF98A92A7}.Debug|x86.Build.0 = Debug|Win32
		{86D5ABFB-E029-4CB3-9153-E3DEF98A92A7}.Release|x64.ActiveCfg = Release|x64
		{86D5ABFB-E029-4CB3-9153-E3DEF98A92A7}.Release|x64.Build.0 = Release|x64
		{86D5ABFB-E029-4CB3-9153-E3DEF98A92A7}.Release|x86.ActiveCfg = Release|Win32
		{86D5ABFB-E029-4CB3-9153-E3DEF98A92A7}.Release|x86.Build.0 = Release|Win32
		{873B3AF8-7227-4DC0-91DA-360D51AF0F60}.Debug|x64.ActiveCfg = Debug|x64
		{873B3AF8-7227-4DC0-91DA-360D51AF0F60}.Debug|x64.Build.0 = Debug|x64
		{873B3AF8-7227-4DC0-91DA-360D51AF0F60}.Debug|x86.ActiveCfg = Debug|Win32
		{873B3AF8-7227-4DC0-91DA-360D51AF0F60}.Debug|x86.Build.0 = Debug|Win32
		{873B3AF8-7227-4DC0-91DA-360D51AF0F60}.Release|x64.ActiveCfg = Release|x64
		{873B3AF8-7227-4DC0-91DA-360D51AF0F60}.Release|x64.Build.0 = Release|x64
		{873B3AF8-7227-4DC0-91DA-360D51AF0F60}.Release|x86.ActiveCfg = Release|Win32
		{873B3AF8-7227-4DC0-91DA-360D51AF0F60}.Release|x86.Build.0 = Release|Win32
		{0866ACBF-38EB-408F-B483-3358D0245BB5}.Debug|x64.ActiveCfg = Debug|x64
		{0866ACBF-38EB-408F-B483-3358D0245BB5}.Debug|x64.Build.0 = Debug|x64
		{0866ACBF-38EB-408F-B483-3358D0245BB5}.Debug|x86.ActiveCfg = Debug|Win32
		{0866ACBF-38EB-408F-B483-3358D0245BB5}.Debug|x86.Build.0 = Debug|Win32
		{0866ACBF-38EB-408F-B483-3358D0245BB5}.Release|x64.ActiveCfg = Release|x64
		{0866ACBF-38EB-408F-B483-3358D0245BB5}.Release|x64.Build.0 = Release|x64
		{0866ACBF-38EB-408F-B483-3358D0245BB5}.Release|x86.ActiveCfg = Release|Win32
		{0866ACBF-38EB-408F-B483-3358D0245BB5}.Release|x86.Build.0 = Release|Win32
	EndGlobalSection
	GlobalSection(SolutionProperties) = preSolution
		HideSolutionNode = FALSE
	EndGlobalSection
	GlobalSection(ExtensibilityGlobals) = postSolution
		SolutionGuid = {88CB261B-480A-47F6-BDAD-5510D410C4C7}
	EndGlobalSection
EndGlobal
